
Microsoft Visual Studio Solution File, Format Version 12.00
# Visual Studio Version 16
VisualStudioVersion = 16.0.31702.278
MinimumVisualStudioVersion = 10.0.40219.1
Project("{FAE04EC0-301F-11D3-BF4B-00C04F79EFBC}") = "ContadorManual.UWP", "ContadorManual\ContadorManual.UWP\ContadorManual.UWP.csproj", "{2629E0D0-F30F-4188-AB24-05AE6B85EA2D}"
EndProject
Project("{FAE04EC0-301F-11D3-BF4B-00C04F79EFBC}") = "ContadorManual.Android", "ContadorManual\ContadorManual.Android\ContadorManual.Android.csproj", "{207943C5-E76F-4CA0-A229-B6D038F787B1}"
EndProject
Project("{FAE04EC0-301F-11D3-BF4B-00C04F79EFBC}") = "ContadorManual.iOS", "ContadorManual\ContadorManual.iOS\ContadorManual.iOS.csproj", "{E012D91C-0445-43EC-AA7C-59D06E5444D5}"
EndProject
Project("{FAE04EC0-301F-11D3-BF4B-00C04F79EFBC}") = "ContadorManual", "ContadorManual\ContadorManual\ContadorManual.csproj", "{827DF6F2-EFCC-4FA0-A882-6463BF188A99}"
EndProject
Global
	GlobalSection(SolutionConfigurationPlatforms) = preSolution
		Debug|Any CPU = Debug|Any CPU
		Debug|ARM = Debug|ARM
		Debug|iPhone = Debug|iPhone
		Debug|iPhoneSimulator = Debug|iPhoneSimulator
		Debug|x64 = Debug|x64
		Debug|x86 = Debug|x86
		Release|Any CPU = Release|Any CPU
		Release|ARM = Release|ARM
		Release|iPhone = Release|iPhone
		Release|iPhoneSimulator = Release|iPhoneSimulator
		Release|x64 = Release|x64
		Release|x86 = Release|x86
	EndGlobalSection
	GlobalSection(ProjectConfigurationPlatforms) = postSolution
		{2629E0D0-F30F-4188-AB24-05AE6B85EA2D}.Debug|Any CPU.ActiveCfg = Debug|x86
		{2629E0D0-F30F-4188-AB24-05AE6B85EA2D}.Debug|Any CPU.Build.0 = Debug|x86
		{2629E0D0-F30F-4188-AB24-05AE6B85EA2D}.Debug|Any CPU.Deploy.0 = Debug|x86
		{2629E0D0-F30F-4188-AB24-05AE6B85EA2D}.Debug|ARM.ActiveCfg = Debug|ARM
		{2629E0D0-F30F-4188-AB24-05AE6B85EA2D}.Debug|ARM.Build.0 = Debug|ARM
		{2629E0D0-F30F-4188-AB24-05AE6B85EA2D}.Debug|ARM.Deploy.0 = Debug|ARM
		{2629E0D0-F30F-4188-AB24-05AE6B85EA2D}.Debug|iPhone.ActiveCfg = Debug|x86
		{2629E0D0-F30F-4188-AB24-05AE6B85EA2D}.Debug|iPhone.Build.0 = Debug|x86
		{2629E0D0-F30F-4188-AB24-05AE6B85EA2D}.Debug|iPhone.Deploy.0 = Debug|x86
		{2629E0D0-F30F-4188-AB24-05AE6B85EA2D}.Debug|iPhoneSimulator.ActiveCfg = Debug|x86
		{2629E0D0-F30F-4188-AB24-05AE6B85EA2D}.Debug|iPhoneSimulator.Build.0 = Debug|x86
		{2629E0D0-F30F-4188-AB24-05AE6B85EA2D}.Debug|iPhoneSimulator.Deploy.0 = Debug|x86
		{2629E0D0-F30F-4188-AB24-05AE6B85EA2D}.Debug|x64.ActiveCfg = Debug|x64
		{2629E0D0-F30F-4188-AB24-05AE6B85EA2D}.Debug|x64.Build.0 = Debug|x64
		{2629E0D0-F30F-4188-AB24-05AE6B85EA2D}.Debug|x64.Deploy.0 = Debug|x64
		{2629E0D0-F30F-4188-AB24-05AE6B85EA2D}.Debug|x86.ActiveCfg = Debug|x86
		{2629E0D0-F30F-4188-AB24-05AE6B85EA2D}.Debug|x86.Build.0 = Debug|x86
		{2629E0D0-F30F-4188-AB24-05AE6B85EA2D}.Debug|x86.Deploy.0 = Debug|x86
		{2629E0D0-F30F-4188-AB24-05AE6B85EA2D}.Release|Any CPU.ActiveCfg = Release|x86
		{2629E0D0-F30F-4188-AB24-05AE6B85EA2D}.Release|Any CPU.Build.0 = Release|x86
		{2629E0D0-F30F-4188-AB24-05AE6B85EA2D}.Release|Any CPU.Deploy.0 = Release|x86
		{2629E0D0-F30F-4188-AB24-05AE6B85EA2D}.Release|ARM.ActiveCfg = Release|ARM
		{2629E0D0-F30F-4188-AB24-05AE6B85EA2D}.Release|ARM.Build.0 = Release|ARM
		{2629E0D0-F30F-4188-AB24-05AE6B85EA2D}.Release|ARM.Deploy.0 = Release|ARM
		{2629E0D0-F30F-4188-AB24-05AE6B85EA2D}.Release|iPhone.ActiveCfg = Release|x86
		{2629E0D0-F30F-4188-AB24-05AE6B85EA2D}.Release|iPhone.Build.0 = Release|x86
		{2629E0D0-F30F-4188-AB24-05AE6B85EA2D}.Release|iPhone.Deploy.0 = Release|x86
		{2629E0D0-F30F-4188-AB24-05AE6B85EA2D}.Release|iPhoneSimulator.ActiveCfg = Release|x86
		{2629E0D0-F30F-4188-AB24-05AE6B85EA2D}.Release|iPhoneSimulator.Build.0 = Release|x86
		{2629E0D0-F30F-4188-AB24-05AE6B85EA2D}.Release|iPhoneSimulator.Deploy.0 = Release|x86
		{2629E0D0-F30F-4188-AB24-05AE6B85EA2D}.Release|x64.ActiveCfg = Release|x64
		{2629E0D0-F30F-4188-AB24-05AE6B85EA2D}.Release|x64.Build.0 = Release|x64
		{2629E0D0-F30F-4188-AB24-05AE6B85EA2D}.Release|x64.Deploy.0 = Release|x64
		{2629E0D0-F30F-4188-AB24-05AE6B85EA2D}.Release|x86.ActiveCfg = Release|x86
		{2629E0D0-F30F-4188-AB24-05AE6B85EA2D}.Release|x86.Build.0 = Release|x86
		{2629E0D0-F30F-4188-AB24-05AE6B85EA2D}.Release|x86.Deploy.0 = Release|x86
		{207943C5-E76F-4CA0-A229-B6D038F787B1}.Debug|Any CPU.ActiveCfg = Debug|Any CPU
		{207943C5-E76F-4CA0-A229-B6D038F787B1}.Debug|Any CPU.Build.0 = Debug|Any CPU
		{207943C5-E76F-4CA0-A229-B6D038F787B1}.Debug|Any CPU.Deploy.0 = Debug|Any CPU
		{207943C5-E76F-4CA0-A229-B6D038F787B1}.Debug|ARM.ActiveCfg = Debug|Any CPU
		{207943C5-E76F-4CA0-A229-B6D038F787B1}.Debug|ARM.Build.0 = Debug|Any CPU
		{207943C5-E76F-4CA0-A229-B6D038F787B1}.Debug|ARM.Deploy.0 = Debug|Any CPU
		{207943C5-E76F-4CA0-A229-B6D038F787B1}.Debug|iPhone.ActiveCfg = Debug|Any CPU
		{207943C5-E76F-4CA0-A229-B6D038F787B1}.Debug|iPhone.Build.0 = Debug|Any CPU
		{207943C5-E76F-4CA0-A229-B6D038F787B1}.Debug|iPhone.Deploy.0 = Debug|Any CPU
		{207943C5-E76F-4CA0-A229-B6D038F787B1}.Debug|iPhoneSimulator.ActiveCfg = Debug|Any CPU
		{207943C5-E76F-4CA0-A229-B6D038F787B1}.Debug|iPhoneSimulator.Build.0 = Debug|Any CPU
		{207943C5-E76F-4CA0-A229-B6D038F787B1}.Debug|iPhoneSimulator.Deploy.0 = Debug|Any CPU
		{207943C5-E76F-4CA0-A229-B6D038F787B1}.Debug|x64.ActiveCfg = Debug|Any CPU
		{207943C5-E76F-4CA0-A229-B6D038F787B1}.Debug|x64.Build.0 = Debug|Any CPU
		{207943C5-E76F-4CA0-A229-B6D038F787B1}.Debug|x64.Deploy.0 = Debug|Any CPU
		{207943C5-E76F-4CA0-A229-B6D038F787B1}.Debug|x86.ActiveCfg = Debug|Any CPU
		{207943C5-E76F-4CA0-A229-B6D038F787B1}.Debug|x86.Build.0 = Debug|Any CPU
		{207943C5-E76F-4CA0-A229-B6D038F787B1}.Debug|x86.Deploy.0 = Debug|Any CPU
		{207943C5-E76F-4CA0-A229-B6D038F787B1}.Release|Any CPU.ActiveCfg = Release|Any CPU
		{207943C5-E76F-4CA0-A229-B6D038F787B1}.Release|Any CPU.Build.0 = Release|Any CPU
		{207943C5-E76F-4CA0-A229-B6D038F787B1}.Release|Any CPU.Deploy.0 = Release|Any CPU
		{207943C5-E76F-4CA0-A229-B6D038F787B1}.Release|ARM.ActiveCfg = Release|Any CPU
		{207943C5-E76F-4CA0-A229-B6D038F787B1}.Release|ARM.Build.0 = Release|Any CPU
		{207943C5-E76F-4CA0-A229-B6D038F787B1}.Release|ARM.Deploy.0 = Release|Any CPU
		{207943C5-E76F-4CA0-A229-B6D038F787B1}.Release|iPhone.ActiveCfg = Release|Any CPU
		{207943C5-E76F-4CA0-A229-B6D038F787B1}.Release|iPhone.Build.0 = Release|Any CPU
		{207943C5-E76F-4CA0-A229-B6D038F787B1}.Release|iPhone.Deploy.0 = Release|Any CPU
		{207943C5-E76F-4CA0-A229-B6D038F787B1}.Release|iPhoneSimulator.ActiveCfg = Release|Any CPU
		{207943C5-E76F-4CA0-A229-B6D038F787B1}.Release|iPhoneSimulator.Build.0 = Release|Any CPU
		{207943C5-E76F-4CA0-A229-B6D038F787B1}.Release|iPhoneSimulator.Deploy.0 = Release|Any CPU
		{207943C5-E76F-4CA0-A229-B6D038F787B1}.Release|x64.ActiveCfg = Release|Any CPU
		{207943C5-E76F-4CA0-A229-B6D038F787B1}.Release|x64.Build.0 = Release|Any CPU
		{207943C5-E76F-4CA0-A229-B6D038F787B1}.Release|x64.Deploy.0 = Release|Any CPU
		{207943C5-E76F-4CA0-A229-B6D038F787B1}.Release|x86.ActiveCfg = Release|Any CPU
		{207943C5-E76F-4CA0-A229-B6D038F787B1}.Release|x86.Build.0 = Release|Any CPU
		{207943C5-E76F-4CA0-A229-B6D038F787B1}.Release|x86.Deploy.0 = Release|Any CPU
		{E012D91C-0445-43EC-AA7C-59D06E5444D5}.Debug|Any CPU.ActiveCfg = Debug|iPhoneSimulator
		{E012D91C-0445-43EC-AA7C-59D06E5444D5}.Debug|Any CPU.Build.0 = Debug|iPhoneSimulator
		{E012D91C-0445-43EC-AA7C-59D06E5444D5}.Debug|Any CPU.Deploy.0 = Debug|iPhoneSimulator
		{E012D91C-0445-43EC-AA7C-59D06E5444D5}.Debug|ARM.ActiveCfg = Debug|iPhone
		{E012D91C-0445-43EC-AA7C-59D06E5444D5}.Debug|ARM.Build.0 = Debug|iPhone
		{E012D91C-0445-43EC-AA7C-59D06E5444D5}.Debug|ARM.Deploy.0 = Debug|iPhone
		{E012D91C-0445-43EC-AA7C-59D06E5444D5}.Debug|iPhone.ActiveCfg = Debug|iPhone
		{E012D91C-0445-43EC-AA7C-59D06E5444D5}.Debug|iPhone.Build.0 = Debug|iPhone
		{E012D91C-0445-43EC-AA7C-59D06E5444D5}.Debug|iPhone.Deploy.0 = Debug|iPhone
		{E012D91C-0445-43EC-AA7C-59D06E5444D5}.Debug|iPhoneSimulator.ActiveCfg = Debug|iPhoneSimulator
		{E012D91C-0445-43EC-AA7C-59D06E5444D5}.Debug|iPhoneSimulator.Build.0 = Debug|iPhoneSimulator
		{E012D91C-0445-43EC-AA7C-59D06E5444D5}.Debug|iPhoneSimulator.Deploy.0 = Debug|iPhoneSimulator
		{E012D91C-0445-43EC-AA7C-59D06E5444D5}.Debug|x64.ActiveCfg = Debug|iPhoneSimulator
		{E012D91C-0445-43EC-AA7C-59D06E5444D5}.Debug|x64.Build.0 = Debug|iPhoneSimulator
		{E012D91C-0445-43EC-AA7C-59D06E5444D5}.Debug|x64.Deploy.0 = Debug|iPhoneSimulator
		{E012D91C-0445-43EC-AA7C-59D06E5444D5}.Debug|x86.ActiveCfg = Debug|iPhoneSimulator
		{E012D91C-0445-43EC-AA7C-59D06E5444D5}.Debug|x86.Build.0 = Debug|iPhoneSimulator
		{E012D91C-0445-43EC-AA7C-59D06E5444D5}.Debug|x86.Deploy.0 = Debug|iPhoneSimulator
		{E012D91C-0445-43EC-AA7C-59D06E5444D5}.Release|Any CPU.ActiveCfg = Release|iPhoneSimulator
		{E012D91C-0445-43EC-AA7C-59D06E5444D5}.Release|Any CPU.Build.0 = Release|iPhoneSimulator
		{E012D91C-0445-43EC-AA7C-59D06E5444D5}.Release|Any CPU.Deploy.0 = Release|iPhoneSimulator
		{E012D91C-0445-43EC-AA7C-59D06E5444D5}.Release|ARM.ActiveCfg = Release|iPhoneSimulator
		{E012D91C-0445-43EC-AA7C-59D06E5444D5}.Release|ARM.Build.0 = Release|iPhoneSimulator
		{E012D91C-0445-43EC-AA7C-59D06E5444D5}.Release|ARM.Deploy.0 = Release|iPhoneSimulator
		{E012D91C-0445-43EC-AA7C-59D06E5444D5}.Release|iPhone.ActiveCfg = Release|iPhone
		{E012D91C-0445-43EC-AA7C-59D06E5444D5}.Release|iPhone.Build.0 = Release|iPhone
		{E012D91C-0445-43EC-AA7C-59D06E5444D5}.Release|iPhone.Deploy.0 = Release|iPhone
		{E012D91C-0445-43EC-AA7C-59D06E5444D5}.Release|iPhoneSimulator.ActiveCfg = Release|iPhoneSimulator
		{E012D91C-0445-43EC-AA7C-59D06E5444D5}.Release|iPhoneSimulator.Build.0 = Release|iPhoneSimulator
		{E012D91C-0445-43EC-AA7C-59D06E5444D5}.Release|iPhoneSimulator.Deploy.0 = Release|iPhoneSimulator
		{E012D91C-0445-43EC-AA7C-59D06E5444D5}.Release|x64.ActiveCfg = Release|iPhoneSimulator
		{E012D91C-0445-43EC-AA7C-59D06E5444D5}.Release|x64.Build.0 = Release|iPhoneSimulator
		{E012D91C-0445-43EC-AA7C-59D06E5444D5}.Release|x64.Deploy.0 = Release|iPhoneSimulator
		{E012D91C-0445-43EC-AA7C-59D06E5444D5}.Release|x86.ActiveCfg = Release|iPhoneSimulator
		{E012D91C-0445-43EC-AA7C-59D06E5444D5}.Release|x86.Build.0 = Release|iPhoneSimulator
		{E012D91C-0445-43EC-AA7C-59D06E5444D5}.Release|x86.Deploy.0 = Release|iPhoneSimulator
		{827DF6F2-EFCC-4FA0-A882-6463BF188A99}.Debug|Any CPU.ActiveCfg = Debug|Any CPU
		{827DF6F2-EFCC-4FA0-A882-6463BF188A99}.Debug|Any CPU.Build.0 = Debug|Any CPU
		{827DF6F2-EFCC-4FA0-A882-6463BF188A99}.Debug|Any CPU.Deploy.0 = Debug|Any CPU
		{827DF6F2-EFCC-4FA0-A882-6463BF188A99}.Debug|ARM.ActiveCfg = Debug|Any CPU
		{827DF6F2-EFCC-4FA0-A882-6463BF188A99}.Debug|ARM.Build.0 = Debug|Any CPU
		{827DF6F2-EFCC-4FA0-A882-6463BF188A99}.Debug|ARM.Deploy.0 = Debug|Any CPU
		{827DF6F2-EFCC-4FA0-A882-6463BF188A99}.Debug|iPhone.ActiveCfg = Debug|Any CPU
		{827DF6F2-EFCC-4FA0-A882-6463BF188A99}.Debug|iPhone.Build.0 = Debug|Any CPU
		{827DF6F2-EFCC-4FA0-A882-6463BF188A99}.Debug|iPhone.Deploy.0 = Debug|Any CPU
		{827DF6F2-EFCC-4FA0-A882-6463BF188A99}.Debug|iPhoneSimulator.ActiveCfg = Debug|Any CPU
		{827DF6F2-EFCC-4FA0-A882-6463BF188A99}.Debug|iPhoneSimulator.Build.0 = Debug|Any CPU
		{827DF6F2-EFCC-4FA0-A882-6463BF188A99}.Debug|iPhoneSimulator.Deploy.0 = Debug|Any CPU
		{827DF6F2-EFCC-4FA0-A882-6463BF188A99}.Debug|x64.ActiveCfg = Debug|Any CPU
		{827DF6F2-EFCC-4FA0-A882-6463BF188A99}.Debug|x64.Build.0 = Debug|Any CPU
		{827DF6F2-EFCC-4FA0-A882-6463BF188A99}.Debug|x64.Deploy.0 = Debug|Any CPU
		{827DF6F2-EFCC-4FA0-A882-6463BF188A99}.Debug|x86.ActiveCfg = Debug|Any CPU
		{827DF6F2-EFCC-4FA0-A882-6463BF188A99}.Debug|x86.Build.0 = Debug|Any CPU
		{827DF6F2-EFCC-4FA0-A882-6463BF188A99}.Debug|x86.Deploy.0 = Debug|Any CPU
		{827DF6F2-EFCC-4FA0-A882-6463BF188A99}.Release|Any CPU.ActiveCfg = Release|Any CPU
		{827DF6F2-EFCC-4FA0-A882-6463BF188A99}.Release|Any CPU.Build.0 = Release|Any CPU
		{827DF6F2-EFCC-4FA0-A882-6463BF188A99}.Release|Any CPU.Deploy.0 = Release|Any CPU
		{827DF6F2-EFCC-4FA0-A882-6463BF188A99}.Release|ARM.ActiveCfg = Release|Any CPU
		{827DF6F2-EFCC-4FA0-A882-6463BF188A99}.Release|ARM.Build.0 = Release|Any CPU
		{827DF6F2-EFCC-4FA0-A882-6463BF188A99}.Release|ARM.Deploy.0 = Release|Any CPU
		{827DF6F2-EFCC-4FA0-A882-6463BF188A99}.Release|iPhone.ActiveCfg = Release|Any CPU
		{827DF6F2-EFCC-4FA0-A882-6463BF188A99}.Release|iPhone.Build.0 = Release|Any CPU
		{827DF6F2-EFCC-4FA0-A882-6463BF188A99}.Release|iPhone.Deploy.0 = Release|Any CPU
		{827DF6F2-EFCC-4FA0-A882-6463BF188A99}.Release|iPhoneSimulator.ActiveCfg = Release|Any CPU
		{827DF6F2-EFCC-4FA0-A882-6463BF188A99}.Release|iPhoneSimulator.Build.0 = Release|Any CPU
		{827DF6F2-EFCC-4FA0-A882-6463BF188A99}.Release|iPhoneSimulator.Deploy.0 = Release|Any CPU
		{827DF6F2-EFCC-4FA0-A882-6463BF188A99}.Release|x64.ActiveCfg = Release|Any CPU
		{827DF6F2-EFCC-4FA0-A882-6463BF188A99}.Release|x64.Build.0 = Release|Any CPU
		{827DF6F2-EFCC-4FA0-A882-6463BF188A99}.Release|x64.Deploy.0 = Release|Any CPU
		{827DF6F2-EFCC-4FA0-A882-6463BF188A99}.Release|x86.ActiveCfg = Release|Any CPU
		{827DF6F2-EFCC-4FA0-A882-6463BF188A99}.Release|x86.Build.0 = Release|Any CPU
		{827DF6F2-EFCC-4FA0-A882-6463BF188A99}.Release|x86.Deploy.0 = Release|Any CPU
	EndGlobalSection
	GlobalSection(SolutionProperties) = preSolution
		HideSolutionNode = FALSE
	EndGlobalSection
	GlobalSection(ExtensibilityGlobals) = postSolution
		SolutionGuid = {1150B7B9-3B8B-44CB-A425-1D56A1BD3C68}
	EndGlobalSection
EndGlobal
